
Microsoft Visual Studio Solution File, Format Version 12.00
# Visual Studio Version 16
VisualStudioVersion = 16.0.29215.179
MinimumVisualStudioVersion = 10.0.40219.1
Project("{8BC9CEB8-8B4A-11D0-8D11-00A0C91BC942}") = "Serendipity Bookstore - CMSC226", "Serendipity Bookstore - CMSC226\Serendipity Bookstore - CMSC226.vcxproj", "{D1E5FC58-11E7-44D0-B23E-88532F0324C4}"
EndProject
Global
	GlobalSection(SolutionConfigurationPlatforms) = preSolution
		Debug|x64 = Debug|x64
		Debug|x86 = Debug|x86
		Release|x64 = Release|x64
		Release|x86 = Release|x86
	EndGlobalSection
	GlobalSection(ProjectConfigurationPlatforms) = postSolution
		{D1E5FC58-11E7-44D0-B23E-88532F0324C4}.Debug|x64.ActiveCfg = Debug|x64
		{D1E5FC58-11E7-44D0-B23E-88532F0324C4}.Debug|x64.Build.0 = Debug|x64
		{D1E5FC58-11E7-44D0-B23E-88532F0324C4}.Debug|x86.ActiveCfg = Debug|Win32
		{D1E5FC58-11E7-44D0-B23E-88532F0324C4}.Debug|x86.Build.0 = Debug|Win32
		{D1E5FC58-11E7-44D0-B23E-88532F0324C4}.Release|x64.ActiveCfg = Release|x64
		{D1E5FC58-11E7-44D0-B23E-88532F0324C4}.Release|x64.Build.0 = Release|x64
		{D1E5FC58-11E7-44D0-B23E-88532F0324C4}.Release|x86.ActiveCfg = Release|Win32
		{D1E5FC58-11E7-44D0-B23E-88532F0324C4}.Release|x86.Build.0 = Release|Win32
	EndGlobalSection
	GlobalSection(SolutionProperties) = preSolution
		HideSolutionNode = FALSE
	EndGlobalSection
	GlobalSection(ExtensibilityGlobals) = postSolution
		SolutionGuid = {0599526A-0CFF-43D9-9719-C6054D89106D}
	EndGlobalSection
EndGlobal
